# @generated - this file is auto-generated by `mise lock` https://mise.en.dev/dev-tools/mise-lock.html

lockfile_version = 3

[[tools.elixir]]
version = "1.20.2-otp-29"
backend = "core:elixir"
specifiers = ["1.20"]

[tools.elixir."platforms.linux-arm64"]
checksum = "sha256:a9e88cd41fbbba7da6f6dc237a49dd2ed4e70457121035cc7fc56ad05582f394"
url = "https://builds.hex.pm/builds/elixir/v1.20.2-otp-29.zip"

[tools.elixir."platforms.linux-arm64-musl"]
checksum = "sha256:a9e88cd41fbbba7da6f6dc237a49dd2ed4e70457121035cc7fc56ad05582f394"
url = "https://builds.hex.pm/builds/elixir/v1.20.2-otp-29.zip"

[tools.elixir."platforms.linux-x64"]
checksum = "sha256:a9e88cd41fbbba7da6f6dc237a49dd2ed4e70457121035cc7fc56ad05582f394"
url = "https://builds.hex.pm/builds/elixir/v1.20.2-otp-29.zip"

[tools.elixir."platforms.linux-x64-musl"]
checksum = "sha256:a9e88cd41fbbba7da6f6dc237a49dd2ed4e70457121035cc7fc56ad05582f394"
url = "https://builds.hex.pm/builds/elixir/v1.20.2-otp-29.zip"

[tools.elixir."platforms.macos-arm64"]
checksum = "sha256:a9e88cd41fbbba7da6f6dc237a49dd2ed4e70457121035cc7fc56ad05582f394"
url = "https://builds.hex.pm/builds/elixir/v1.20.2-otp-29.zip"

[tools.elixir."platforms.macos-x64"]
checksum = "sha256:a9e88cd41fbbba7da6f6dc237a49dd2ed4e70457121035cc7fc56ad05582f394"
url = "https://builds.hex.pm/builds/elixir/v1.20.2-otp-29.zip"

[tools.elixir."platforms.windows-x64"]
checksum = "sha256:a9e88cd41fbbba7da6f6dc237a49dd2ed4e70457121035cc7fc56ad05582f394"
url = "https://builds.hex.pm/builds/elixir/v1.20.2-otp-29.zip"

[[tools.erlang]]
version = "29.0.2"
backend = "core:erlang"

[tools.erlang.options]
precompiled = "if_available"

[[tools.erlang]]
version = "29.0.2"
backend = "core:erlang"
specifiers = ["29"]

[tools.erlang."platforms.linux-arm64"]
checksum = "sha256:b9a7714fdd282c4a7113651b1e2728a58799e60ffe20e545f5cc94c621527b15"
url = "https://github.com/erlang/otp/releases/download/OTP-29.0.2/otp_src_29.0.2.tar.gz"
url_api = "https://api.github.com/repos/erlang/otp/releases/assets/443592302"
install = "source"

[tools.erlang."platforms.linux-arm64-musl"]
checksum = "sha256:b9a7714fdd282c4a7113651b1e2728a58799e60ffe20e545f5cc94c621527b15"
url = "https://github.com/erlang/otp/releases/download/OTP-29.0.2/otp_src_29.0.2.tar.gz"
url_api = "https://api.github.com/repos/erlang/otp/releases/assets/443592302"
install = "source"

[tools.erlang."platforms.linux-x64"]
checksum = "sha256:b9a7714fdd282c4a7113651b1e2728a58799e60ffe20e545f5cc94c621527b15"
url = "https://github.com/erlang/otp/releases/download/OTP-29.0.2/otp_src_29.0.2.tar.gz"
url_api = "https://api.github.com/repos/erlang/otp/releases/assets/443592302"
install = "source"

[tools.erlang."platforms.linux-x64-musl"]
checksum = "sha256:b9a7714fdd282c4a7113651b1e2728a58799e60ffe20e545f5cc94c621527b15"
url = "https://github.com/erlang/otp/releases/download/OTP-29.0.2/otp_src_29.0.2.tar.gz"
url_api = "https://api.github.com/repos/erlang/otp/releases/assets/443592302"
install = "source"

[tools.erlang."platforms.macos-arm64"]
checksum = "sha256:ec6e09dee496adf646b0a22eef26b769e7f8032c83dd10292c58d50fb38e2210"
url = "https://github.com/erlef/otp_builds/releases/download/OTP-29.0.2/otp-aarch64-apple-darwin.tar.gz"
url_api = "https://api.github.com/repos/erlef/otp_builds/releases/assets/443541329"

[tools.erlang."platforms.macos-x64"]
checksum = "sha256:3da4495ce6372f5fda002ed1ae45832a11e05aaa9928790e0bf1d14e3ee84657"
url = "https://github.com/erlef/otp_builds/releases/download/OTP-29.0.2/otp-x86_64-apple-darwin.tar.gz"
url_api = "https://api.github.com/repos/erlef/otp_builds/releases/assets/443557769"

[tools.erlang."platforms.windows-x64"]
checksum = "sha256:dffd5fca2e841267bfb4e961c38bb18436a4b55548deae727d5691a984f7b80f"
url = "https://github.com/erlang/otp/releases/download/OTP-29.0.2/otp_win64_29.0.2.zip"
url_api = "https://api.github.com/repos/erlang/otp/releases/assets/443733928"

[[tools.node]]
version = "26.5.0"
backend = "core:node"
specifiers = ["26"]

[tools.node."platforms.linux-arm64"]
checksum = "sha256:308e5fe89a82461ba5a6cf15ff5221b2cdbd7ae87600aa72bb3c3fbdc66412d1"
url = "https://nodejs.org/dist/v26.5.0/node-v26.5.0-linux-arm64.tar.gz"

[tools.node."platforms.linux-arm64-musl"]
checksum = "sha256:1ab31aef6561191693f366cacd75bbcefa0301e49a18bc05554c21893bbdb490"
url = "https://unofficial-builds.nodejs.org/download/release/v26.5.0/node-v26.5.0-linux-arm64-musl.tar.gz"

[tools.node."platforms.linux-x64"]
checksum = "sha256:22b5f47ad6ae78837e4c2b846019965ce1a06ba143de176102294a1bf44fc677"
url = "https://nodejs.org/dist/v26.5.0/node-v26.5.0-linux-x64.tar.gz"

[tools.node."platforms.linux-x64-musl"]
checksum = "sha256:00f1398411a4216c5a6ecaad3b825a0da5ec00e79ee8c173ab65a094d97b9ad8"
url = "https://unofficial-builds.nodejs.org/download/release/v26.5.0/node-v26.5.0-linux-x64-musl.tar.gz"

[tools.node."platforms.macos-arm64"]
checksum = "sha256:ee920559aaa2391569cff4d737e3b83963430e3a14dedd91bfe0ff53171b5af9"
url = "https://nodejs.org/dist/v26.5.0/node-v26.5.0-darwin-arm64.tar.gz"

[tools.node."platforms.macos-x64"]
checksum = "sha256:98293394c945a24e64e00b4177bf075ec963ea70b34d1d2e24bd4a71716d334f"
url = "https://nodejs.org/dist/v26.5.0/node-v26.5.0-darwin-x64.tar.gz"

[tools.node."platforms.windows-x64"]
checksum = "sha256:d3b2277dbcccfdf24ef6302928f64f484cff1d77a6d3caa3a28f4d20ce9158f6"
url = "https://nodejs.org/dist/v26.5.0/node-v26.5.0-win-x64.zip"

[[tools.ruby]]
version = "4.0.5"
backend = "core:ruby"

[tools.ruby.options]
compile = "true"
ruby_build_repo = "https://github.com/rbenv/ruby-build.git"
ruby_install = "false"

[tools.ruby."platforms.linux-arm64"]
checksum = "sha256:7d6149079a63f8ae1d326c9fa65c6019ba2dc3155eae7b39159817911c88958e"
url = "https://cache.ruby-lang.org/pub/ruby/4.0/ruby-4.0.5.tar.gz"

[tools.ruby."platforms.linux-arm64-musl"]
checksum = "sha256:7d6149079a63f8ae1d326c9fa65c6019ba2dc3155eae7b39159817911c88958e"
url = "https://cache.ruby-lang.org/pub/ruby/4.0/ruby-4.0.5.tar.gz"

[tools.ruby."platforms.linux-x64"]
checksum = "sha256:7d6149079a63f8ae1d326c9fa65c6019ba2dc3155eae7b39159817911c88958e"
url = "https://cache.ruby-lang.org/pub/ruby/4.0/ruby-4.0.5.tar.gz"

[tools.ruby."platforms.linux-x64-musl"]
checksum = "sha256:7d6149079a63f8ae1d326c9fa65c6019ba2dc3155eae7b39159817911c88958e"
url = "https://cache.ruby-lang.org/pub/ruby/4.0/ruby-4.0.5.tar.gz"

[tools.ruby."platforms.macos-arm64"]
checksum = "sha256:7d6149079a63f8ae1d326c9fa65c6019ba2dc3155eae7b39159817911c88958e"
url = "https://cache.ruby-lang.org/pub/ruby/4.0/ruby-4.0.5.tar.gz"

[tools.ruby."platforms.macos-x64"]
checksum = "sha256:7d6149079a63f8ae1d326c9fa65c6019ba2dc3155eae7b39159817911c88958e"
url = "https://cache.ruby-lang.org/pub/ruby/4.0/ruby-4.0.5.tar.gz"

[[tools.ruby]]
version = "4.0.5"
backend = "core:ruby"
specifiers = ["4.0"]

[tools.ruby."platforms.windows-x64"]
checksum = "sha256:74e31613fc71e6e23431dfc4d8b6ec2818a4dc1fd16e0983b074144c16719c8b"
url = "https://github.com/oneclick/rubyinstaller2/releases/download/RubyInstaller-4.0.5-1/rubyinstaller-4.0.5-1-x64.7z"

[[tools.ruby]]
version = "4.0.5"
backend = "core:ruby"
specifiers = ["4.0"]

[tools.ruby.options]
compile = "false"
precompiled_url = "jdx/ruby"
ruby_build_repo = "https://github.com/rbenv/ruby-build.git"
ruby_install = "false"

[tools.ruby."platforms.linux-arm64"]
checksum = "sha256:28f8c6d0d65741bb8ad49af4a0ec46acdaabd808524e4e2f1f1f6b4d34b4c69c"
url = "https://github.com/jdx/ruby/releases/download/4.0.5-4/ruby-4.0.5.arm64_linux.tar.gz"
provenance = "github-attestations"

[tools.ruby."platforms.linux-arm64-musl"]
checksum = "sha256:7d6149079a63f8ae1d326c9fa65c6019ba2dc3155eae7b39159817911c88958e"
url = "https://cache.ruby-lang.org/pub/ruby/4.0/ruby-4.0.5.tar.gz"

[tools.ruby."platforms.linux-x64"]
checksum = "sha256:c12613a5bfc1ac6695dd519120e71556a64421d650a84521e29cae08d92e4e40"
url = "https://github.com/jdx/ruby/releases/download/4.0.5-4/ruby-4.0.5.x86_64_linux.tar.gz"
provenance = "github-attestations"

[tools.ruby."platforms.linux-x64-musl"]
checksum = "sha256:7d6149079a63f8ae1d326c9fa65c6019ba2dc3155eae7b39159817911c88958e"
url = "https://cache.ruby-lang.org/pub/ruby/4.0/ruby-4.0.5.tar.gz"

[tools.ruby."platforms.macos-arm64"]
checksum = "sha256:9b6d186af22727be3f9c1eb29af14da2f7c1eb5de91deaae766772069bffedd4"
url = "https://github.com/jdx/ruby/releases/download/4.0.5-4/ruby-4.0.5.macos.tar.gz"
provenance = "github-attestations"

[tools.ruby."platforms.macos-x64"]
checksum = "sha256:7d6149079a63f8ae1d326c9fa65c6019ba2dc3155eae7b39159817911c88958e"
url = "https://cache.ruby-lang.org/pub/ruby/4.0/ruby-4.0.5.tar.gz"
